
Microsoft Visual Studio Solution File, Format Version 12.00
# Visual Studio Version 16
VisualStudioVersion = 16.0.31025.194
MinimumVisualStudioVersion = 10.0.40219.1
Project("{888888A0-9F3D-457C-B088-3A5042F75D52}") = "a_new_hope", "a_new_hope\a_new_hope.pyproj", "{207DD91E-82B4-4C85-AEE0-AEA0014B05D1}"
EndProject
Global
	GlobalSection(SolutionConfigurationPlatforms) = preSolution
		Debug|Any CPU = Debug|Any CPU
		Release|Any CPU = Release|Any CPU
	EndGlobalSection
	GlobalSection(ProjectConfigurationPlatforms) = postSolution
		{207DD91E-82B4-4C85-AEE0-AEA0014B05D1}.Debug|Any CPU.ActiveCfg = Debug|Any CPU
		{207DD91E-82B4-4C85-AEE0-AEA0014B05D1}.Debug|Any CPU.Build.0 = Debug|Any CPU
		{207DD91E-82B4-4C85-AEE0-AEA0014B05D1}.Release|Any CPU.ActiveCfg = Release|Any CPU
		{207DD91E-82B4-4C85-AEE0-AEA0014B05D1}.Release|Any CPU.Build.0 = Release|Any CPU
	EndGlobalSection
	GlobalSection(SolutionProperties) = preSolution
		HideSolutionNode = FALSE
	EndGlobalSection
	GlobalSection(ExtensibilityGlobals) = postSolution
		SolutionGuid = {6E7C5F43-82AF-4994-894A-4402D70ACFB7}
	EndGlobalSection
EndGlobal
